PODS:
  - Flutter (1.0.0)
  - maps_launcher (0.0.1):
    - Flutter

DEPENDENCIES:
  - Flutter (from `Flutter`)
  - maps_launcher (from `.symlinks/plugins/maps_launcher/ios`)

EXTERNAL SOURCES:
  Flutter:
    :path: Flutter
  maps_launcher:
    :path: ".symlinks/plugins/maps_launcher/ios"

SPEC CHECKSUMS:
  Flutter: cabc95a1d2626b1b06e7179b784ebcf0c0cde467
  maps_launcher: edf829809ba9e894d70e569bab11c16352dedb45

PODFILE CHECKSUM: a57f30d18f102dd3ce366b1d62a55ecbef2158e5

COCOAPODS: 1.17.0
